// !$*UTF8*$!
{
	archiveVersion = 1;
	classes = {
	};
	objectVersion = 46;
	objects = {

/* Begin PBXFileReference section */
		5421702CFAD94D51C36F1AD0 /* Info.plist */ = {isa = PBXFileReference; fileEncoding = 4; lastKnownFileType = text.plist.info; name = Info.plist; path = src/Info.plist; sourceTree = "<group>"; };
		542173F7C8065E48952A94C8 /* ios-app.app */ = {isa = PBXFileReference; explicitFileType = wrapper.application; includeInIndex = 0; path = "ios-app.app"; sourceTree = BUILT_PRODUCTS_DIR; };
/* End PBXFileReference section */

/* Begin PBXFileSystemSynchronizedBuildFileExceptionSet section */
		542176CEC936F8A6B9923614 /* PBXFileSystemSynchronizedBuildFileExceptionSet */ = {
			isa = PBXFileSystemSynchronizedBuildFileExceptionSet;
			membershipExceptions = (
				Info.plist,
			);
			target = 542173E41912EDC5FAD7D937 /* app */;
		};
/* End PBXFileSystemSynchronizedBuildFileExceptionSet section */

/* Begin PBXFileSystemSynchronizedRootGroup section */
		54217B23F209800CE5F8FE50 /* src */ = {
			isa = PBXFileSystemSynchronizedRootGroup;
			exceptions = (
				542176CEC936F8A6B9923614 /* PBXFileSystemSynchronizedBuildFileExceptionSet */,
			);
			path = src;
			sourceTree = SOURCE_ROOT;
		};
/* End PBXFileSystemSynchronizedRootGroup section */

/* Begin PBXFrameworksBuildPhase section */
		542178ECE0AABC0EB9659E0D /* Frameworks */ = {
			isa = PBXFrameworksBuildPhase;
			runOnlyForDeploymentPostprocessing = 0;
		};
/* End PBXFrameworksBuildPhase section */

/* Begin PBXGroup section */
		542173600900430AD3BC070A /* Products */ = {
			isa = PBXGroup;
			children = (
				542173F7C8065E48952A94C8 /* ios-app.app */,
			);
			name = Products;
			sourceTree = "<group>";
		};
		5421797A904A5F3C4D34C437 = {
			isa = PBXGroup;
			children = (
				542173600900430AD3BC070A /* Products */,
				5421702CFAD94D51C36F1AD0 /* Info.plist */,
				54217B23F209800CE5F8FE50 /* src */,
			);
			sourceTree = "<group>";
		};
/* End PBXGroup section */

/* Begin PBXNativeTarget section */
		542173E41912EDC5FAD7D937 /* app */ = {
			isa = PBXNativeTarget;
			buildConfigurationList = 542170F0FA812510E9F1D54E /* Build configuration list for PBXNativeTarget "app" */;
			buildPhases = (
				54217DBCDDD0FF280961A2AB /* Build Kotlin with Amper */,
				54217C72DF9649A216A06519 /* Sources */,
				542178ECE0AABC0EB9659E0D /* Frameworks */,
				5421727698A92FF658BB17F7 /* Resources */,
			);
			buildRules = (
			);
			dependencies = (
			);
			fileSystemSynchronizedGroups = (
				54217B23F209800CE5F8FE50 /* src */,
			);
			name = app;
			productName = app;
			productReference = 542173F7C8065E48952A94C8 /* ios-app.app */;
			productType = "com.apple.product-type.application";
		};
/* End PBXNativeTarget section */

/* Begin PBXProject section */
		5421706DBE387A18EAB803E7 /* Project object */ = {
			isa = PBXProject;
			buildConfigurationList = 54217057BD879F85DFDA8228 /* Build configuration list for PBXProject "module" */;
			compatibilityVersion = "Xcode 3.2";
			developmentRegion = English;
			hasScannedForEncodings = 0;
			knownRegions = (
				en,
			);
			mainGroup = 5421797A904A5F3C4D34C437;
			productRefGroup = 542173600900430AD3BC070A /* Products */;
			projectDirPath = "";
			projectRoot = "";
			targets = (
				542173E41912EDC5FAD7D937 /* app */,
			);
		};
/* End PBXProject section */

/* Begin PBXResourcesBuildPhase section */
		5421727698A92FF658BB17F7 /* Resources */ = {
			isa = PBXResourcesBuildPhase;
			runOnlyForDeploymentPostprocessing = 0;
		};
/* End PBXResourcesBuildPhase section */

/* Begin PBXShellScriptBuildPhase section */
		54217DBCDDD0FF280961A2AB /* Build Kotlin with Amper */ = {
			isa = PBXShellScriptBuildPhase;
			alwaysOutOfDate = 1;
			inputPaths = (
			);
			name = "Build Kotlin with Amper";
			outputPaths = (
			);
			runOnlyForDeploymentPostprocessing = 0;
			shellPath = /bin/sh;
			shellScript = "# !AMPER KMP INTEGRATION STEP!\n# This script is managed by Amper, do not edit manually!\n\"${AMPER_WRAPPER_PATH}\" tool xcode-integration\n";
		};
/* End PBXShellScriptBuildPhase section */

/* Begin PBXSourcesBuildPhase section */
		54217C72DF9649A216A06519 /* Sources */ = {
			isa = PBXSourcesBuildPhase;
			runOnlyForDeploymentPostprocessing = 0;
		};
/* End PBXSourcesBuildPhase section */

/* Begin XCBuildConfiguration section */
		542171BEF4AA092132649BA5 /* Release */ = {
			isa = XCBuildConfiguration;
			buildSettings = {
			};
			name = Release;
		};
		5421731D77894FEDA0A7CA1D /* Debug */ = {
			isa = XCBuildConfiguration;
			buildSettings = {
			};
			name = Debug;
		};
		54217718C81E27948D2F617C /* Release */ = {
			isa = XCBuildConfiguration;
			buildSettings = {
				ALWAYS_SEARCH_USER_PATHS = NO;
				AMPER_WRAPPER_PATH = ../amper;
				ASSETCATALOG_COMPILER_APPICON_NAME = AppIcon;
				CLANG_ENABLE_MODULES = YES;
				CLANG_ENABLE_OBJC_ARC = YES;
				ENABLE_USER_SCRIPT_SANDBOXING = NO;
				FRAMEWORK_SEARCH_PATHS = "$(inherited) $(TARGET_BUILD_DIR)/$(FRAMEWORKS_FOLDER_PATH)";
				INFOPLIST_FILE = src/Info.plist;
				LD_RUNPATH_SEARCH_PATHS = "$(inherited) @executable_path/Frameworks @loader_path/Frameworks";
				PRODUCT_BUNDLE_IDENTIFIER = "ios-app";
				PRODUCT_MODULE_NAME = app;
				PRODUCT_NAME = "ios-app";
				SDKROOT = iphoneos;
				SWIFT_VERSION = 5.0;
				TARGETED_DEVICE_FAMILY = (
					1,
					2,
				);
			};
			name = Release;
		};
		54217D33DC9DE6099F03117C /* Debug */ = {
			isa = XCBuildConfiguration;
			buildSettings = {
				ALWAYS_SEARCH_USER_PATHS = NO;
				AMPER_WRAPPER_PATH = ../amper;
				ASSETCATALOG_COMPILER_APPICON_NAME = AppIcon;
				CLANG_ENABLE_MODULES = YES;
				CLANG_ENABLE_OBJC_ARC = YES;
				ENABLE_TESTABILITY = YES;
				ENABLE_USER_SCRIPT_SANDBOXING = NO;
				FRAMEWORK_SEARCH_PATHS = "$(inherited) $(TARGET_BUILD_DIR)/$(FRAMEWORKS_FOLDER_PATH)";
				GCC_OPTIMIZATION_LEVEL = 0;
				INFOPLIST_FILE = src/Info.plist;
				LD_RUNPATH_SEARCH_PATHS = "$(inherited) @executable_path/Frameworks @loader_path/Frameworks";
				ONLY_ACTIVE_ARCH = YES;
				PRODUCT_BUNDLE_IDENTIFIER = "ios-app";
				PRODUCT_MODULE_NAME = app;
				PRODUCT_NAME = "ios-app";
				SDKROOT = iphoneos;
				SWIFT_OPTIMIZATION_LEVEL = "-Onone";
				SWIFT_VERSION = 5.0;
				TARGETED_DEVICE_FAMILY = (
					1,
					2,
				);
			};
			name = Debug;
		};
/* End XCBuildConfiguration section */

/* Begin XCConfigurationList section */
		54217057BD879F85DFDA8228 /* Build configuration list for PBXProject "module" */ = {
			isa = XCConfigurationList;
			buildConfigurations = (
				5421731D77894FEDA0A7CA1D /* Debug */,
				542171BEF4AA092132649BA5 /* Release */,
			);
			defaultConfigurationIsVisible = 0;
			defaultConfigurationName = Release;
		};
		542170F0FA812510E9F1D54E /* Build configuration list for PBXNativeTarget "app" */ = {
			isa = XCConfigurationList;
			buildConfigurations = (
				54217D33DC9DE6099F03117C /* Debug */,
				54217718C81E27948D2F617C /* Release */,
			);
			defaultConfigurationIsVisible = 0;
		};
/* End XCConfigurationList section */
	};
	rootObject = 5421706DBE387A18EAB803E7 /* Project object */;
}
